
Microsoft Visual Studio Solution File, Format Version 12.00
# Visual Studio Version 16
VisualStudioVersion = 16.0.31005.135
MinimumVisualStudioVersion = 10.0.40219.1
Project("{FAE04EC0-301F-11D3-BF4B-00C04F79EFBC}") = "asynctea", "asynctea\asynctea.csproj", "{210D5EF6-0D7B-4ED5-AB72-EE59C24FC3CB}"
EndProject
Project("{FAE04EC0-301F-11D3-BF4B-00C04F79EFBC}") = "asyncgoogle", "asyncgoogle\asyncgoogle.csproj", "{26332F31-3B46-41D5-9CB0-4DD974B24A61}"
EndProject
Global
	GlobalSection(SolutionConfigurationPlatforms) = preSolution
		Debug|Any CPU = Debug|Any CPU
		Release|Any CPU = Release|Any CPU
	EndGlobalSection
	GlobalSection(ProjectConfigurationPlatforms) = postSolution
		{210D5EF6-0D7B-4ED5-AB72-EE59C24FC3CB}.Debug|Any CPU.ActiveCfg = Debug|Any CPU
		{210D5EF6-0D7B-4ED5-AB72-EE59C24FC3CB}.Debug|Any CPU.Build.0 = Debug|Any CPU
		{210D5EF6-0D7B-4ED5-AB72-EE59C24FC3CB}.Release|Any CPU.ActiveCfg = Release|Any CPU
		{210D5EF6-0D7B-4ED5-AB72-EE59C24FC3CB}.Release|Any CPU.Build.0 = Release|Any CPU
		{26332F31-3B46-41D5-9CB0-4DD974B24A61}.Debug|Any CPU.ActiveCfg = Debug|Any CPU
		{26332F31-3B46-41D5-9CB0-4DD974B24A61}.Debug|Any CPU.Build.0 = Debug|Any CPU
		{26332F31-3B46-41D5-9CB0-4DD974B24A61}.Release|Any CPU.ActiveCfg = Release|Any CPU
		{26332F31-3B46-41D5-9CB0-4DD974B24A61}.Release|Any CPU.Build.0 = Release|Any CPU
	EndGlobalSection
	GlobalSection(SolutionProperties) = preSolution
		HideSolutionNode = FALSE
	EndGlobalSection
	GlobalSection(ExtensibilityGlobals) = postSolution
		SolutionGuid = {C9FA1AC3-E989-4062-9D52-A4C97D5A179E}
	EndGlobalSection
EndGlobal
